{
  "name": "jpc",
  "version": "1.0.0",
  "lockfileVersion": 2,
  "requires": true,
  "packages": {
    "": {
      "version": "1.0.0",
      "license": "ISC",
      "dependencies": {
        "tokenizr": "^1.6.4"
      }
    },
    "node_modules/tokenizr": {
      "version": "1.6.4",
      "resolved": "https://registry.npm.taobao.org/tokenizr/download/tokenizr-1.6.4.tgz",
      "integrity": "sha1-vAyFwf4cbfv+FcI33bzMo71G+3A="
    }
  },
  "dependencies": {
    "tokenizr": {
      "version": "1.6.4",
      "resolved": "https://registry.npm.taobao.org/tokenizr/download/tokenizr-1.6.4.tgz",
      "integrity": "sha1-vAyFwf4cbfv+FcI33bzMo71G+3A="
    }
  }
}
